
Microsoft Visual Studio Solution File, Format Version 12.00
# Visual Studio Version 17
VisualStudioVersion = 17.4.33103.184
MinimumVisualStudioVersion = 10.0.40219.1
Project("{FAE04EC0-301F-11D3-BF4B-00C04F79EFBC}") = "ParkingLotSystem.Algorithm", "ParkingLotSystem.Algorithm\ParkingLotSystem.Algorithm.csproj", "{3604D7CE-EFC6-4051-B4FA-D10B9171A15D}"
EndProject
Project("{FAE04EC0-301F-11D3-BF4B-00C04F79EFBC}") = "ParkingLotSystem.ConsoleUI", "ParkingLotSystem.ConsoleUI\ParkingLotSystem.ConsoleUI.csproj", "{68F56CC7-582E-4903-B09D-EC7B3924267F}"
EndProject
Project("{2150E333-8FDC-42A3-9474-1A3956D46DE8}") = "Solution Items", "Solution Items", "{19B321F1-EDB3-4735-BB8F-956551DD7552}"
	ProjectSection(SolutionItems) = preProject
		..\README.md = ..\README.md
	EndProjectSection
EndProject
Global
	GlobalSection(SolutionConfigurationPlatforms) = preSolution
		Debug|Any CPU = Debug|Any CPU
		Release|Any CPU = Release|Any CPU
	EndGlobalSection
	GlobalSection(ProjectConfigurationPlatforms) = postSolution
		{3604D7CE-EFC6-4051-B4FA-D10B9171A15D}.Debug|Any CPU.ActiveCfg = Debug|Any CPU
		{3604D7CE-EFC6-4051-B4FA-D10B9171A15D}.Debug|Any CPU.Build.0 = Debug|Any CPU
		{3604D7CE-EFC6-4051-B4FA-D10B9171A15D}.Release|Any CPU.ActiveCfg = Release|Any CPU
		{3604D7CE-EFC6-4051-B4FA-D10B9171A15D}.Release|Any CPU.Build.0 = Release|Any CPU
		{68F56CC7-582E-4903-B09D-EC7B3924267F}.Debug|Any CPU.ActiveCfg = Debug|Any CPU
		{68F56CC7-582E-4903-B09D-EC7B3924267F}.Debug|Any CPU.Build.0 = Debug|Any CPU
		{68F56CC7-582E-4903-B09D-EC7B3924267F}.Release|Any CPU.ActiveCfg = Release|Any CPU
		{68F56CC7-582E-4903-B09D-EC7B3924267F}.Release|Any CPU.Build.0 = Release|Any CPU
	EndGlobalSection
	GlobalSection(SolutionProperties) = preSolution
		HideSolutionNode = FALSE
	EndGlobalSection
	GlobalSection(ExtensibilityGlobals) = postSolution
		SolutionGuid = {1747C54E-1C4A-4CFB-87C0-B776C2503D6C}
	EndGlobalSection
EndGlobal
